# This file is autogenerated, do not edit; changes may be undone by the next 'dep ensure'.


[[projects]]
  branch = "master"
  name = "github.com/101loops/clock"
  packages = ["."]
  revision = "e4ec0ab5053ee441dab6c55d0c3633f275269f72"

[[projects]]
  name = "github.com/HouzuoGuo/tiedot"
  packages = [".","data","db","dberr","gommap","httpapi","tdlog"]
  revision = "96fa90b5e4620f677d2737bc5358329040942adb"
  version = "3.4"

[[projects]]
  name = "github.com/cayleygraph/cayley"
  packages = [".","clog","graph","graph/iterator","graph/memstore","graph/memstore/b","graph/path","quad","voc","voc/schema","writer"]
  revision = "c33467000f64158c88c3031d221e5d21b504aa66"
  version = "v0.6.1"

[[projects]]
  name = "github.com/dgrijalva/jwt-go"
  packages = [".","request"]
  revision = "dbeaa9332f19a944acb5736b4456cfcc02140e29"
  version = "v3.1.0"

[[projects]]
  name = "github.com/go-sql-driver/mysql"
  packages = ["."]
  revision = "a0583e0143b1624142adab07e0e97fe106d99561"
  version = "v1.3"

[[projects]]
  name = "github.com/gogo/protobuf"
  packages = ["gogoproto","proto","protoc-gen-gogo/descriptor","sortkeys","types"]
  revision = "100ba4e885062801d56799d78530b73b178a78f3"
  version = "v0.4"

[[projects]]
  branch = "master"
  name = "github.com/golang/protobuf"
  packages = ["proto","ptypes","ptypes/any","ptypes/duration","ptypes/timestamp"]
  revision = "130e6b02ab059e7b717a096f397c5b60111cae74"

[[projects]]
  name = "github.com/mattn/go-sqlite3"
  packages = ["."]
  revision = "5160b48509cf5c877bc22c11c373f8c7738cdb38"
  version = "v1.3.0"

[[projects]]
  name = "github.com/pborman/uuid"
  packages = ["."]
  revision = "e790cca94e6cc75c7064b1332e63811d4aae1a53"
  version = "v1.1"

[[projects]]
  name = "github.com/satori/go.uuid"
  packages = ["."]
  revision = "879c5887cd475cd7864858769793b2ceb0d44feb"
  version = "v1.1.0"

[[projects]]
  branch = "master"
  name = "golang.org/x/net"
  packages = ["context","http2","http2/hpack","idna","internal/timeseries","lex/httplex","trace"]
  revision = "1087133bc4af3073e18add999345c6ae75918503"

[[projects]]
  branch = "master"
  name = "golang.org/x/text"
  packages = ["collate","collate/build","internal/colltab","internal/gen","internal/tag","internal/triegen","internal/ucd","language","secure/bidirule","transform","unicode/bidi","unicode/cldr","unicode/norm","unicode/rangetable"]
  revision = "c01e4764d870b77f8abe5096ee19ad20d80e8075"

[[projects]]
  branch = "master"
  name = "google.golang.org/genproto"
  packages = ["googleapis/rpc/status"]
  revision = "f676e0f3ac6395ff1a529ae59a6670878a8371a6"

[[projects]]
  name = "google.golang.org/grpc"
  packages = [".","balancer","codes","connectivity","credentials","grpclb/grpc_lb_v1/messages","grpclog","health","health/grpc_health_v1","internal","keepalive","metadata","naming","peer","resolver","stats","status","tap","transport"]
  revision = "f7bf885db0b7479a537ec317c6e48ce53145f3db"
  version = "v1.7.0"

[solve-meta]
  analyzer-name = "dep"
  analyzer-version = 1
  inputs-digest = "d6fc225c3948ecf013bd5a5fd4cff35af8076105d1ac21b772804bda5de9dd76"
  solver-name = "gps-cdcl"
  solver-version = 1
